
Microsoft Visual Studio Solution File, Format Version 12.00
# Visual Studio Version 16
VisualStudioVersion = 16.0.32106.194
MinimumVisualStudioVersion = 10.0.40219.1
Project("{FAE04EC0-301F-11D3-BF4B-00C04F79EFBC}") = "Farmnet Service", "Farmnet Service\Farmnet Service.csproj", "{19465510-3FF9-4EC1-B380-028A5C99B4DB}"
EndProject
Global
	GlobalSection(SolutionConfigurationPlatforms) = preSolution
		Debug|Any CPU = Debug|Any CPU
		Release|Any CPU = Release|Any CPU
	EndGlobalSection
	GlobalSection(ProjectConfigurationPlatforms) = postSolution
		{19465510-3FF9-4EC1-B380-028A5C99B4DB}.Debug|Any CPU.ActiveCfg = Debug|Any CPU
		{19465510-3FF9-4EC1-B380-028A5C99B4DB}.Debug|Any CPU.Build.0 = Debug|Any CPU
		{19465510-3FF9-4EC1-B380-028A5C99B4DB}.Release|Any CPU.ActiveCfg = Release|Any CPU
		{19465510-3FF9-4EC1-B380-028A5C99B4DB}.Release|Any CPU.Build.0 = Release|Any CPU
	EndGlobalSection
	GlobalSection(SolutionProperties) = preSolution
		HideSolutionNode = FALSE
	EndGlobalSection
	GlobalSection(ExtensibilityGlobals) = postSolution
		SolutionGuid = {F3F7A436-8822-4D78-8575-5A142C7D5D91}
	EndGlobalSection
EndGlobal
